// !$*UTF8*$!
{
	archiveVersion = 1;
	classes = {
	};
	objectVersion = 46;
	objects = {

/* Begin PBXFileReference section */
		C6151905178938D000149BBB /* api.php */ = {isa = PBXFileReference; lastKnownFileType = text.script.php; path = api.php; sourceTree = "<group>"; };
		C6151906178938D000149BBB /* api_config.php */ = {isa = PBXFileReference; lastKnownFileType = text.script.php; path = api_config.php; sourceTree = "<group>"; };
		C6151908178938D000149BBB /* event_images.sql */ = {isa = PBXFileReference; lastKnownFileType = text; path = event_images.sql; sourceTree = "<group>"; };
		C6151909178938D000149BBB /* events.sql */ = {isa = PBXFileReference; lastKnownFileType = text; path = events.sql; sourceTree = "<group>"; };
		C615190A178938D000149BBB /* images.sql */ = {isa = PBXFileReference; lastKnownFileType = text; path = images.sql; sourceTree = "<group>"; };
		C615190B178938D000149BBB /* user.sql */ = {isa = PBXFileReference; lastKnownFileType = text; path = user.sql; sourceTree = "<group>"; };
		C615190C178938D000149BBB /* db.txt */ = {isa = PBXFileReference; lastKnownFileType = text; path = db.txt; sourceTree = "<group>"; };
		C615190E178938D000149BBB /* 1KLQFLZB5LN02IO9NIG4AOVSUK8MKKH4LKUO7B25.jpg */ = {isa = PBXFileReference; lastKnownFileType = image.jpeg; path = 1KLQFLZB5LN02IO9NIG4AOVSUK8MKKH4LKUO7B25.jpg; sourceTree = "<group>"; };
		C615190F178938D000149BBB /* 252CXOIERIE457HDVMR5CU5OMMO26GBGUDJDO3CK.jpg */ = {isa = PBXFileReference; lastKnownFileType = image.jpeg; path = 252CXOIERIE457HDVMR5CU5OMMO26GBGUDJDO3CK.jpg; sourceTree = "<group>"; };
		C6151910178938D000149BBB /* 2QB8OLK67XJ06VEONB4FUNJNB2Y85OTHEHXNJBD1.jpg */ = {isa = PBXFileReference; lastKnownFileType = image.jpeg; path = 2QB8OLK67XJ06VEONB4FUNJNB2Y85OTHEHXNJBD1.jpg; sourceTree = "<group>"; };
		C6151911178938D000149BBB /* 3X4XQKV640RQ8DR5WK2XAE3Q9P5REJVRRFHWZY4D.jpg */ = {isa = PBXFileReference; lastKnownFileType = image.jpeg; path = 3X4XQKV640RQ8DR5WK2XAE3Q9P5REJVRRFHWZY4D.jpg; sourceTree = "<group>"; };
		C6151912178938D000149BBB /* 7T9AO4USDN70R83PRU6NXH4G6L01BGB2ZS2JNRAQ.jpg */ = {isa = PBXFileReference; lastKnownFileType = image.jpeg; path = 7T9AO4USDN70R83PRU6NXH4G6L01BGB2ZS2JNRAQ.jpg; sourceTree = "<group>"; };
		C6151913178938D000149BBB /* ANJFTE2I41IXL3T3SE13A9K7JDXE87SWERJNMN9L.jpg */ = {isa = PBXFileReference; lastKnownFileType = image.jpeg; path = ANJFTE2I41IXL3T3SE13A9K7JDXE87SWERJNMN9L.jpg; sourceTree = "<group>"; };
		C6151914178938D000149BBB /* H1ZB4SQAFY6G86SO2EA13NW2UCUM3WJ01NGW2Y6S.jpg */ = {isa = PBXFileReference; lastKnownFileType = image.jpeg; path = H1ZB4SQAFY6G86SO2EA13NW2UCUM3WJ01NGW2Y6S.jpg; sourceTree = "<group>"; };
		C6151915178938D000149BBB /* R49XI5FL5614XT6QDIU6O7HEC1W10ILMCP21KLIC.jpg */ = {isa = PBXFileReference; lastKnownFileType = image.jpeg; path = R49XI5FL5614XT6QDIU6O7HEC1W10ILMCP21KLIC.jpg; sourceTree = "<group>"; };
		C6151916178938D000149BBB /* S5HDKM6FKH7I0GVZT74HO6HRYLSI8CS5KZ6RY0GA.jpg */ = {isa = PBXFileReference; lastKnownFileType = image.jpeg; path = S5HDKM6FKH7I0GVZT74HO6HRYLSI8CS5KZ6RY0GA.jpg; sourceTree = "<group>"; };
		C6151917178938D000149BBB /* TTIIN0AB2SGV9V080XNU3IWGJYF7ETI49Y3Y36ZG.jpg */ = {isa = PBXFileReference; lastKnownFileType = image.jpeg; path = TTIIN0AB2SGV9V080XNU3IWGJYF7ETI49Y3Y36ZG.jpg; sourceTree = "<group>"; };
		C6151918178938D000149BBB /* index.php */ = {isa = PBXFileReference; lastKnownFileType = text.script.php; path = index.php; sourceTree = "<group>"; };
		C615191A178938D000149BBB /* random_string.php */ = {isa = PBXFileReference; lastKnownFileType = text.script.php; path = random_string.php; sourceTree = "<group>"; };
		C615191C178938D000149BBB /* api_upload.html */ = {isa = PBXFileReference; lastKnownFileType = text.html; path = api_upload.html; sourceTree = "<group>"; };
		C615191D178938D000149BBB /* upload_file.php */ = {isa = PBXFileReference; lastKnownFileType = text.script.php; path = upload_file.php; sourceTree = "<group>"; };
		C6151B011789406900149BBB /* notes.txt */ = {isa = PBXFileReference; lastKnownFileType = text; path = notes.txt; sourceTree = "<group>"; };
		C6151B021789436C00149BBB /* users.php */ = {isa = PBXFileReference; lastKnownFileType = text.script.php; path = users.php; sourceTree = "<group>"; };
		C6151B031789443800149BBB /* api_users.html */ = {isa = PBXFileReference; lastKnownFileType = text.html; path = api_users.html; sourceTree = "<group>"; };
		C6151B041789479F00149BBB /* db_config.php */ = {isa = PBXFileReference; lastKnownFileType = text.script.php; path = db_config.php; sourceTree = "<group>"; };
		C6F3B9C51789033500F0CAA8 /* README.md */ = {isa = PBXFileReference; lastKnownFileType = text; path = README.md; sourceTree = "<group>"; };
		C6F3B9C71789033500F0CAA8 /* api.php */ = {isa = PBXFileReference; lastKnownFileType = text.script.php; path = api.php; sourceTree = "<group>"; };
		C6F3B9C81789033500F0CAA8 /* api_config.php */ = {isa = PBXFileReference; lastKnownFileType = text.script.php; path = api_config.php; sourceTree = "<group>"; };
		C6F3B9D31789033500F0CAA8 /* index.php */ = {isa = PBXFileReference; lastKnownFileType = text.script.php; path = index.php; sourceTree = "<group>"; };
		C6F3B9DB1789033500F0CAA8 /* apache_access.log */ = {isa = PBXFileReference; lastKnownFileType = text; path = apache_access.log; sourceTree = "<group>"; };
		C6F3B9DC1789033500F0CAA8 /* apache_error.log */ = {isa = PBXFileReference; lastKnownFileType = text; path = apache_error.log; sourceTree = "<group>"; };
		C6F3B9DD1789033500F0CAA8 /* push_development.log */ = {isa = PBXFileReference; lastKnownFileType = text; path = push_development.log; sourceTree = "<group>"; };
		C6F3B9DF1789033500F0CAA8 /* ck_development.pem */ = {isa = PBXFileReference; lastKnownFileType = text; path = ck_development.pem; sourceTree = "<group>"; };
		C6F3B9E01789033500F0CAA8 /* feedback.php */ = {isa = PBXFileReference; lastKnownFileType = text.script.php; path = feedback.php; sourceTree = "<group>"; };
		C6F3B9E11789033500F0CAA8 /* feedback_config.php */ = {isa = PBXFileReference; lastKnownFileType = text.script.php; path = feedback_config.php; sourceTree = "<group>"; };
		C6F3B9E21789033500F0CAA8 /* push.php */ = {isa = PBXFileReference; lastKnownFileType = text.script.php; path = push.php; sourceTree = "<group>"; };
		C6F3B9E31789033500F0CAA8 /* push_config.php */ = {isa = PBXFileReference; lastKnownFileType = text.script.php; path = push_config.php; sourceTree = "<group>"; };
		C6F3B9E41789033500F0CAA8 /* push_test.php */ = {isa = PBXFileReference; lastKnownFileType = text.script.php; path = push_test.php; sourceTree = "<group>"; };
		C6F3B9E61789033500F0CAA8 /* api.sql */ = {isa = PBXFileReference; lastKnownFileType = text; path = api.sql; sourceTree = "<group>"; };
		C6F3B9E71789033500F0CAA8 /* database.sql */ = {isa = PBXFileReference; lastKnownFileType = text; path = database.sql; sourceTree = "<group>"; };
		C6F3B9E81789033500F0CAA8 /* push.sql */ = {isa = PBXFileReference; lastKnownFileType = text; path = push.sql; sourceTree = "<group>"; };
		C6F3B9F017890CB400F0CAA8 /* api_join.html */ = {isa = PBXFileReference; lastKnownFileType = text.html; path = api_join.html; sourceTree = "<group>"; };
		C6F3B9F117890CB400F0CAA8 /* api_leave.html */ = {isa = PBXFileReference; lastKnownFileType = text.html; path = api_leave.html; sourceTree = "<group>"; };
		C6F3B9F217890CB400F0CAA8 /* api_message.html */ = {isa = PBXFileReference; lastKnownFileType = text.html; path = api_message.html; sourceTree = "<group>"; };
		C6F3B9F317890CB400F0CAA8 /* api_update.html */ = {isa = PBXFileReference; lastKnownFileType = text.html; path = api_update.html; sourceTree = "<group>"; };
		C6F3B9F417890CB400F0CAA8 /* database.php */ = {isa = PBXFileReference; lastKnownFileType = text.script.php; path = database.php; sourceTree = "<group>"; };
/* End PBXFileReference section */

/* Begin PBXGroup section */
		C6151904178938D000149BBB /* v1 */ = {
			isa = PBXGroup;
			children = (
				C6151907178938D000149BBB /* database */,
				C615190D178938D000149BBB /* images */,
				C6151919178938D000149BBB /* logs */,
				C615191B178938D000149BBB /* test */,
				C6151905178938D000149BBB /* api.php */,
				C6151906178938D000149BBB /* api_config.php */,
				C615190C178938D000149BBB /* db.txt */,
				C6151918178938D000149BBB /* index.php */,
				C615191A178938D000149BBB /* random_string.php */,
				C615191D178938D000149BBB /* upload_file.php */,
				C6151B011789406900149BBB /* notes.txt */,
				C6151B021789436C00149BBB /* users.php */,
				C6151B041789479F00149BBB /* db_config.php */,
			);
			path = v1;
			sourceTree = "<group>";
		};
		C6151907178938D000149BBB /* database */ = {
			isa = PBXGroup;
			children = (
				C6151908178938D000149BBB /* event_images.sql */,
				C6151909178938D000149BBB /* events.sql */,
				C615190A178938D000149BBB /* images.sql */,
				C615190B178938D000149BBB /* user.sql */,
			);
			path = database;
			sourceTree = "<group>";
		};
		C615190D178938D000149BBB /* images */ = {
			isa = PBXGroup;
			children = (
				C615190E178938D000149BBB /* 1KLQFLZB5LN02IO9NIG4AOVSUK8MKKH4LKUO7B25.jpg */,
				C615190F178938D000149BBB /* 252CXOIERIE457HDVMR5CU5OMMO26GBGUDJDO3CK.jpg */,
				C6151910178938D000149BBB /* 2QB8OLK67XJ06VEONB4FUNJNB2Y85OTHEHXNJBD1.jpg */,
				C6151911178938D000149BBB /* 3X4XQKV640RQ8DR5WK2XAE3Q9P5REJVRRFHWZY4D.jpg */,
				C6151912178938D000149BBB /* 7T9AO4USDN70R83PRU6NXH4G6L01BGB2ZS2JNRAQ.jpg */,
				C6151913178938D000149BBB /* ANJFTE2I41IXL3T3SE13A9K7JDXE87SWERJNMN9L.jpg */,
				C6151914178938D000149BBB /* H1ZB4SQAFY6G86SO2EA13NW2UCUM3WJ01NGW2Y6S.jpg */,
				C6151915178938D000149BBB /* R49XI5FL5614XT6QDIU6O7HEC1W10ILMCP21KLIC.jpg */,
				C6151916178938D000149BBB /* S5HDKM6FKH7I0GVZT74HO6HRYLSI8CS5KZ6RY0GA.jpg */,
				C6151917178938D000149BBB /* TTIIN0AB2SGV9V080XNU3IWGJYF7ETI49Y3Y36ZG.jpg */,
			);
			path = images;
			sourceTree = "<group>";
		};
		C6151919178938D000149BBB /* logs */ = {
			isa = PBXGroup;
			children = (
			);
			path = logs;
			sourceTree = "<group>";
		};
		C615191B178938D000149BBB /* test */ = {
			isa = PBXGroup;
			children = (
				C6151B031789443800149BBB /* api_users.html */,
				C615191C178938D000149BBB /* api_upload.html */,
			);
			path = test;
			sourceTree = "<group>";
		};
		C6F3B9BE1789030400F0CAA8 = {
			isa = PBXGroup;
			children = (
				C6F3B9C51789033500F0CAA8 /* README.md */,
				C6F3B9C61789033500F0CAA8 /* api */,
				C6F3B9DA1789033500F0CAA8 /* log */,
				C6F3B9DE1789033500F0CAA8 /* push */,
				C6F3B9E51789033500F0CAA8 /* database */,
				C6F3B9EF17890CB400F0CAA8 /* test */,
			);
			sourceTree = "<group>";
		};
		C6F3B9C61789033500F0CAA8 /* api */ = {
			isa = PBXGroup;
			children = (
				C6151904178938D000149BBB /* v1 */,
				C6F3B9C71789033500F0CAA8 /* api.php */,
				C6F3B9C81789033500F0CAA8 /* api_config.php */,
				C6F3B9D31789033500F0CAA8 /* index.php */,
			);
			path = api;
			sourceTree = "<group>";
		};
		C6F3B9DA1789033500F0CAA8 /* log */ = {
			isa = PBXGroup;
			children = (
				C6F3B9DB1789033500F0CAA8 /* apache_access.log */,
				C6F3B9DC1789033500F0CAA8 /* apache_error.log */,
				C6F3B9DD1789033500F0CAA8 /* push_development.log */,
			);
			path = log;
			sourceTree = "<group>";
		};
		C6F3B9DE1789033500F0CAA8 /* push */ = {
			isa = PBXGroup;
			children = (
				C6F3B9DF1789033500F0CAA8 /* ck_development.pem */,
				C6F3B9E01789033500F0CAA8 /* feedback.php */,
				C6F3B9E11789033500F0CAA8 /* feedback_config.php */,
				C6F3B9E21789033500F0CAA8 /* push.php */,
				C6F3B9E31789033500F0CAA8 /* push_config.php */,
				C6F3B9E41789033500F0CAA8 /* push_test.php */,
			);
			path = push;
			sourceTree = "<group>";
		};
		C6F3B9E51789033500F0CAA8 /* database */ = {
			isa = PBXGroup;
			children = (
				C6F3B9E61789033500F0CAA8 /* api.sql */,
				C6F3B9E71789033500F0CAA8 /* database.sql */,
				C6F3B9E81789033500F0CAA8 /* push.sql */,
			);
			path = database;
			sourceTree = "<group>";
		};
		C6F3B9EF17890CB400F0CAA8 /* test */ = {
			isa = PBXGroup;
			children = (
				C6F3B9F017890CB400F0CAA8 /* api_join.html */,
				C6F3B9F117890CB400F0CAA8 /* api_leave.html */,
				C6F3B9F217890CB400F0CAA8 /* api_message.html */,
				C6F3B9F317890CB400F0CAA8 /* api_update.html */,
				C6F3B9F417890CB400F0CAA8 /* database.php */,
			);
			path = test;
			sourceTree = "<group>";
		};
/* End PBXGroup section */

/* Begin PBXProject section */
		C6F3B9BF1789030400F0CAA8 /* Project object */ = {
			isa = PBXProject;
			attributes = {
				LastUpgradeCheck = 0460;
			};
			buildConfigurationList = C6F3B9C21789030400F0CAA8 /* Build configuration list for PBXProject "VWWServer" */;
			compatibilityVersion = "Xcode 3.2";
			developmentRegion = English;
			hasScannedForEncodings = 0;
			knownRegions = (
				en,
			);
			mainGroup = C6F3B9BE1789030400F0CAA8;
			projectDirPath = "";
			projectRoot = "";
			targets = (
			);
		};
/* End PBXProject section */

/* Begin XCBuildConfiguration section */
		C6F3B9C31789030400F0CAA8 /* Debug */ = {
			isa = XCBuildConfiguration;
			buildSettings = {
			};
			name = Debug;
		};
		C6F3B9C41789030400F0CAA8 /* Release */ = {
			isa = XCBuildConfiguration;
			buildSettings = {
			};
			name = Release;
		};
/* End XCBuildConfiguration section */

/* Begin XCConfigurationList section */
		C6F3B9C21789030400F0CAA8 /* Build configuration list for PBXProject "VWWServer" */ = {
			isa = XCConfigurationList;
			buildConfigurations = (
				C6F3B9C31789030400F0CAA8 /* Debug */,
				C6F3B9C41789030400F0CAA8 /* Release */,
			);
			defaultConfigurationIsVisible = 0;
			defaultConfigurationName = Release;
		};
/* End XCConfigurationList section */
	};
	rootObject = C6F3B9BF1789030400F0CAA8 /* Project object */;
}
