// !$*UTF8*$!
{
	archiveVersion = 1;
	classes = {
	};
	objectVersion = 46;
	objects = {

/* Begin PBXGroup section */
		C6F3B9B7178902BF00F0CAA8 = {
			isa = PBXGroup;
			children = (
			);
			sourceTree = "<group>";
		};
/* End PBXGroup section */

/* Begin PBXProject section */
		C6F3B9B8178902BF00F0CAA8 /* Project object */ = {
			isa = PBXProject;
			attributes = {
				LastUpgradeCheck = 0460;
			};
			buildConfigurationList = C6F3B9BB178902BF00F0CAA8 /* Build configuration list for PBXProject "VWWServer" */;
			compatibilityVersion = "Xcode 3.2";
			developmentRegion = English;
			hasScannedForEncodings = 0;
			knownRegions = (
				en,
			);
			mainGroup = C6F3B9B7178902BF00F0CAA8;
			projectDirPath = "";
			projectRoot = "";
			targets = (
			);
		};
/* End PBXProject section */

/* Begin XCBuildConfiguration section */
		C6F3B9BC178902BF00F0CAA8 /* Debug */ = {
			isa = XCBuildConfiguration;
			buildSettings = {
			};
			name = Debug;
		};
		C6F3B9BD178902BF00F0CAA8 /* Release */ = {
			isa = XCBuildConfiguration;
			buildSettings = {
			};
			name = Release;
		};
/* End XCBuildConfiguration section */

/* Begin XCConfigurationList section */
		C6F3B9BB178902BF00F0CAA8 /* Build configuration list for PBXProject "VWWServer" */ = {
			isa = XCConfigurationList;
			buildConfigurations = (
				C6F3B9BC178902BF00F0CAA8 /* Debug */,
				C6F3B9BD178902BF00F0CAA8 /* Release */,
			);
			defaultConfigurationIsVisible = 0;
			defaultConfigurationName = Release;
		};
/* End XCConfigurationList section */
	};
	rootObject = C6F3B9B8178902BF00F0CAA8 /* Project object */;
}
